
Microsoft Visual Studio Solution File, Format Version 12.00
# Visual Studio Version 17
VisualStudioVersion = 17.6.33815.320
MinimumVisualStudioVersion = 10.0.40219.1
Project("{9A19103F-16F7-4668-BE54-9A1E7A4F7556}") = "GeolocationMvc", "GeolocationMvc.csproj", "{012764BC-8755-4752-B8C5-98E61610E948}"
EndProject
Global
	GlobalSection(SolutionConfigurationPlatforms) = preSolution
		Debug|Any CPU = Debug|Any CPU
		Release|Any CPU = Release|Any CPU
	EndGlobalSection
	GlobalSection(ProjectConfigurationPlatforms) = postSolution
		{012764BC-8755-4752-B8C5-98E61610E948}.Debug|Any CPU.ActiveCfg = Debug|Any CPU
		{012764BC-8755-4752-B8C5-98E61610E948}.Debug|Any CPU.Build.0 = Debug|Any CPU
		{012764BC-8755-4752-B8C5-98E61610E948}.Release|Any CPU.ActiveCfg = Release|Any CPU
		{012764BC-8755-4752-B8C5-98E61610E948}.Release|Any CPU.Build.0 = Release|Any CPU
	EndGlobalSection
	GlobalSection(SolutionProperties) = preSolution
		HideSolutionNode = FALSE
	EndGlobalSection
	GlobalSection(ExtensibilityGlobals) = postSolution
		SolutionGuid = {09248248-2BF5-4FBB-889A-78A42149D589}
	EndGlobalSection
EndGlobal
